// !$*UTF8*$!
{
	archiveVersion = 1;
	classes = {
	};
	objectVersion = 48;
	objects = {

/* Begin PBXBuildFile section */
		55F96D9920DDB592004B960D /* AppDelegate.swift in Sources */ = {isa = PBXBuildFile; fileRef = 55F96D9820DDB592004B960D /* AppDelegate.swift */; };
		55F96D9B20DDB592004B960D /* ViewController.swift in Sources */ = {isa = PBXBuildFile; fileRef = 55F96D9A20DDB592004B960D /* ViewController.swift */; };
		55F96D9E20DDB592004B960D /* Main.storyboard in Resources */ = {isa = PBXBuildFile; fileRef = 55F96D9C20DDB592004B960D /* Main.storyboard */; };
		55F96DA020DDB592004B960D /* Assets.xcassets in Resources */ = {isa = PBXBuildFile; fileRef = 55F96D9F20DDB592004B960D /* Assets.xcassets */; };
		55F96DA320DDB592004B960D /* LaunchScreen.storyboard in Resources */ = {isa = PBXBuildFile; fileRef = 55F96DA120DDB592004B960D /* LaunchScreen.storyboard */; };
		55F96DAE20DDB592004B960D /* Your_Key_ManagerTests.swift in Sources */ = {isa = PBXBuildFile; fileRef = 55F96DAD20DDB592004B960D /* Your_Key_ManagerTests.swift */; };
		55F96DB920DDB592004B960D /* Your_Key_ManagerUITests.swift in Sources */ = {isa = PBXBuildFile; fileRef = 55F96DB820DDB592004B960D /* Your_Key_ManagerUITests.swift */; };
/* End PBXBuildFile section */

/* Begin PBXContainerItemProxy section */
		55F96DAA20DDB592004B960D /* PBXContainerItemProxy */ = {
			isa = PBXContainerItemProxy;
			containerPortal = 55F96D8D20DDB592004B960D /* Project object */;
			proxyType = 1;
			remoteGlobalIDString = 55F96D9420DDB592004B960D;
			remoteInfo = "Your Key Manager";
		};
		55F96DB520DDB592004B960D /* PBXContainerItemProxy */ = {
			isa = PBXContainerItemProxy;
			containerPortal = 55F96D8D20DDB592004B960D /* Project object */;
			proxyType = 1;
			remoteGlobalIDString = 55F96D9420DDB592004B960D;
			remoteInfo = "Your Key Manager";
		};
/* End PBXContainerItemProxy section */

/* Begin PBXFileReference section */
		55F96D9520DDB592004B960D /* Your Key Manager.app */ = {isa = PBXFileReference; explicitFileType = wrapper.application; includeInIndex = 0; path = "Your Key Manager.app"; sourceTree = BUILT_PRODUCTS_DIR; };
		55F96D9820DDB592004B960D /* AppDelegate.swift */ = {isa = PBXFileReference; lastKnownFileType = sourcecode.swift; path = AppDelegate.swift; sourceTree = "<group>"; };
		55F96D9A20DDB592004B960D /* ViewController.swift */ = {isa = PBXFileReference; lastKnownFileType = sourcecode.swift; path = ViewController.swift; sourceTree = "<group>"; };
		55F96D9D20DDB592004B960D /* Base */ = {isa = PBXFileReference; lastKnownFileType = file.storyboard; name = Base; path = Base.lproj/Main.storyboard; sourceTree = "<group>"; };
		55F96D9F20DDB592004B960D /* Assets.xcassets */ = {isa = PBXFileReference; lastKnownFileType = folder.assetcatalog; path = Assets.xcassets; sourceTree = "<group>"; };
		55F96DA220DDB592004B960D /* Base */ = {isa = PBXFileReference; lastKnownFileType = file.storyboard; name = Base; path = Base.lproj/LaunchScreen.storyboard; sourceTree = "<group>"; };
		55F96DA420DDB592004B960D /* Info.plist */ = {isa = PBXFileReference; lastKnownFileType = text.plist.xml; path = Info.plist; sourceTree = "<group>"; };
		55F96DA920DDB592004B960D /* Your Key ManagerTests.xctest */ = {isa = PBXFileReference; explicitFileType = wrapper.cfbundle; includeInIndex = 0; path = "Your Key ManagerTests.xctest"; sourceTree = BUILT_PRODUCTS_DIR; };
		55F96DAD20DDB592004B960D /* Your_Key_ManagerTests.swift */ = {isa = PBXFileReference; lastKnownFileType = sourcecode.swift; path = Your_Key_ManagerTests.swift; sourceTree = "<group>"; };
		55F96DAF20DDB592004B960D /* Info.plist */ = {isa = PBXFileReference; lastKnownFileType = text.plist.xml; path = Info.plist; sourceTree = "<group>"; };
		55F96DB420DDB592004B960D /* Your Key ManagerUITests.xctest */ = {isa = PBXFileReference; explicitFileType = wrapper.cfbundle; includeInIndex = 0; path = "Your Key ManagerUITests.xctest"; sourceTree = BUILT_PRODUCTS_DIR; };
		55F96DB820DDB592004B960D /* Your_Key_ManagerUITests.swift */ = {isa = PBXFileReference; lastKnownFileType = sourcecode.swift; path = Your_Key_ManagerUITests.swift; sourceTree = "<group>"; };
		55F96DBA20DDB592004B960D /* Info.plist */ = {isa = PBXFileReference; lastKnownFileType = text.plist.xml; path = Info.plist; sourceTree = "<group>"; };
/* End PBXFileReference section */

/* Begin PBXFrameworksBuildPhase section */
		55F96D9220DDB592004B960D /* Frameworks */ = {
			isa = PBXFrameworksBuildPhase;
			buildActionMask = 2147483647;
			files = (
			);
			runOnlyForDeploymentPostprocessing = 0;
		};
		55F96DA620DDB592004B960D /* Frameworks */ = {
			isa = PBXFrameworksBuildPhase;
			buildActionMask = 2147483647;
			files = (
			);
			runOnlyForDeploymentPostprocessing = 0;
		};
		55F96DB120DDB592004B960D /* Frameworks */ = {
			isa = PBXFrameworksBuildPhase;
			buildActionMask = 2147483647;
			files = (
			);
			runOnlyForDeploymentPostprocessing = 0;
		};
/* End PBXFrameworksBuildPhase section */

/* Begin PBXGroup section */
		55F96D8C20DDB592004B960D = {
			isa = PBXGroup;
			children = (
				55F96D9720DDB592004B960D /* Your Key Manager */,
				55F96DAC20DDB592004B960D /* Your Key ManagerTests */,
				55F96DB720DDB592004B960D /* Your Key ManagerUITests */,
				55F96D9620DDB592004B960D /* Products */,
			);
			sourceTree = "<group>";
		};
		55F96D9620DDB592004B960D /* Products */ = {
			isa = PBXGroup;
			children = (
				55F96D9520DDB592004B960D /* Your Key Manager.app */,
				55F96DA920DDB592004B960D /* Your Key ManagerTests.xctest */,
				55F96DB420DDB592004B960D /* Your Key ManagerUITests.xctest */,
			);
			name = Products;
			sourceTree = "<group>";
		};
		55F96D9720DDB592004B960D /* Your Key Manager */ = {
			isa = PBXGroup;
			children = (
				55F96D9820DDB592004B960D /* AppDelegate.swift */,
				55F96D9A20DDB592004B960D /* ViewController.swift */,
				55F96D9C20DDB592004B960D /* Main.storyboard */,
				55F96D9F20DDB592004B960D /* Assets.xcassets */,
				55F96DA120DDB592004B960D /* LaunchScreen.storyboard */,
				55F96DA420DDB592004B960D /* Info.plist */,
			);
			path = "Your Key Manager";
			sourceTree = "<group>";
		};
		55F96DAC20DDB592004B960D /* Your Key ManagerTests */ = {
			isa = PBXGroup;
			children = (
				55F96DAD20DDB592004B960D /* Your_Key_ManagerTests.swift */,
				55F96DAF20DDB592004B960D /* Info.plist */,
			);
			path = "Your Key ManagerTests";
			sourceTree = "<group>";
		};
		55F96DB720DDB592004B960D /* Your Key ManagerUITests */ = {
			isa = PBXGroup;
			children = (
				55F96DB820DDB592004B960D /* Your_Key_ManagerUITests.swift */,
				55F96DBA20DDB592004B960D /* Info.plist */,
			);
			path = "Your Key ManagerUITests";
			sourceTree = "<group>";
		};
/* End PBXGroup section */

/* Begin PBXNativeTarget section */
		55F96D9420DDB592004B960D /* Your Key Manager */ = {
			isa = PBXNativeTarget;
			buildConfigurationList = 55F96DBD20DDB592004B960D /* Build configuration list for PBXNativeTarget "Your Key Manager" */;
			buildPhases = (
				55F96D9120DDB592004B960D /* Sources */,
				55F96D9220DDB592004B960D /* Frameworks */,
				55F96D9320DDB592004B960D /* Resources */,
			);
			buildRules = (
			);
			dependencies = (
			);
			name = "Your Key Manager";
			productName = "Your Key Manager";
			productReference = 55F96D9520DDB592004B960D /* Your Key Manager.app */;
			productType = "com.apple.product-type.application";
		};
		55F96DA820DDB592004B960D /* Your Key ManagerTests */ = {
			isa = PBXNativeTarget;
			buildConfigurationList = 55F96DC020DDB592004B960D /* Build configuration list for PBXNativeTarget "Your Key ManagerTests" */;
			buildPhases = (
				55F96DA520DDB592004B960D /* Sources */,
				55F96DA620DDB592004B960D /* Frameworks */,
				55F96DA720DDB592004B960D /* Resources */,
			);
			buildRules = (
			);
			dependencies = (
				55F96DAB20DDB592004B960D /* PBXTargetDependency */,
			);
			name = "Your Key ManagerTests";
			productName = "Your Key ManagerTests";
			productReference = 55F96DA920DDB592004B960D /* Your Key ManagerTests.xctest */;
			productType = "com.apple.product-type.bundle.unit-test";
		};
		55F96DB320DDB592004B960D /* Your Key ManagerUITests */ = {
			isa = PBXNativeTarget;
			buildConfigurationList = 55F96DC320DDB592004B960D /* Build configuration list for PBXNativeTarget "Your Key ManagerUITests" */;
			buildPhases = (
				55F96DB020DDB592004B960D /* Sources */,
				55F96DB120DDB592004B960D /* Frameworks */,
				55F96DB220DDB592004B960D /* Resources */,
			);
			buildRules = (
			);
			dependencies = (
				55F96DB620DDB592004B960D /* PBXTargetDependency */,
			);
			name = "Your Key ManagerUITests";
			productName = "Your Key ManagerUITests";
			productReference = 55F96DB420DDB592004B960D /* Your Key ManagerUITests.xctest */;
			productType = "com.apple.product-type.bundle.ui-testing";
		};
/* End PBXNativeTarget section */

/* Begin PBXProject section */
		55F96D8D20DDB592004B960D /* Project object */ = {
			isa = PBXProject;
			attributes = {
				LastSwiftUpdateCheck = 0920;
				LastUpgradeCheck = 0920;
				ORGANIZATIONNAME = "Danilo Henrique";
				TargetAttributes = {
					55F96D9420DDB592004B960D = {
						CreatedOnToolsVersion = 9.2;
						ProvisioningStyle = Automatic;
					};
					55F96DA820DDB592004B960D = {
						CreatedOnToolsVersion = 9.2;
						ProvisioningStyle = Automatic;
						TestTargetID = 55F96D9420DDB592004B960D;
					};
					55F96DB320DDB592004B960D = {
						CreatedOnToolsVersion = 9.2;
						ProvisioningStyle = Automatic;
						TestTargetID = 55F96D9420DDB592004B960D;
					};
				};
			};
			buildConfigurationList = 55F96D9020DDB592004B960D /* Build configuration list for PBXProject "Your Key Manager" */;
			compatibilityVersion = "Xcode 8.0";
			developmentRegion = en;
			hasScannedForEncodings = 0;
			knownRegions = (
				en,
				Base,
			);
			mainGroup = 55F96D8C20DDB592004B960D;
			productRefGroup = 55F96D9620DDB592004B960D /* Products */;
			projectDirPath = "";
			projectRoot = "";
			targets = (
				55F96D9420DDB592004B960D /* Your Key Manager */,
				55F96DA820DDB592004B960D /* Your Key ManagerTests */,
				55F96DB320DDB592004B960D /* Your Key ManagerUITests */,
			);
		};
/* End PBXProject section */

/* Begin PBXResourcesBuildPhase section */
		55F96D9320DDB592004B960D /* Resources */ = {
			isa = PBXResourcesBuildPhase;
			buildActionMask = 2147483647;
			files = (
				55F96DA320DDB592004B960D /* LaunchScreen.storyboard in Resources */,
				55F96DA020DDB592004B960D /* Assets.xcassets in Resources */,
				55F96D9E20DDB592004B960D /* Main.storyboard in Resources */,
			);
			runOnlyForDeploymentPostprocessing = 0;
		};
		55F96DA720DDB592004B960D /* Resources */ = {
			isa = PBXResourcesBuildPhase;
			buildActionMask = 2147483647;
			files = (
			);
			runOnlyForDeploymentPostprocessing = 0;
		};
		55F96DB220DDB592004B960D /* Resources */ = {
			isa = PBXResourcesBuildPhase;
			buildActionMask = 2147483647;
			files = (
			);
			runOnlyForDeploymentPostprocessing = 0;
		};
/* End PBXResourcesBuildPhase section */

/* Begin PBXSourcesBuildPhase section */
		55F96D9120DDB592004B960D /* Sources */ = {
			isa = PBXSourcesBuildPhase;
			buildActionMask = 2147483647;
			files = (
				55F96D9B20DDB592004B960D /* ViewController.swift in Sources */,
				55F96D9920DDB592004B960D /* AppDelegate.swift in Sources */,
			);
			runOnlyForDeploymentPostprocessing = 0;
		};
		55F96DA520DDB592004B960D /* Sources */ = {
			isa = PBXSourcesBuildPhase;
			buildActionMask = 2147483647;
			files = (
				55F96DAE20DDB592004B960D /* Your_Key_ManagerTests.swift in Sources */,
			);
			runOnlyForDeploymentPostprocessing = 0;
		};
		55F96DB020DDB592004B960D /* Sources */ = {
			isa = PBXSourcesBuildPhase;
			buildActionMask = 2147483647;
			files = (
				55F96DB920DDB592004B960D /* Your_Key_ManagerUITests.swift in Sources */,
			);
			runOnlyForDeploymentPostprocessing = 0;
		};
/* End PBXSourcesBuildPhase section */

/* Begin PBXTargetDependency section */
		55F96DAB20DDB592004B960D /* PBXTargetDependency */ = {
			isa = PBXTargetDependency;
			target = 55F96D9420DDB592004B960D /* Your Key Manager */;
			targetProxy = 55F96DAA20DDB592004B960D /* PBXContainerItemProxy */;
		};
		55F96DB620DDB592004B960D /* PBXTargetDependency */ = {
			isa = PBXTargetDependency;
			target = 55F96D9420DDB592004B960D /* Your Key Manager */;
			targetProxy = 55F96DB520DDB592004B960D /* PBXContainerItemProxy */;
		};
/* End PBXTargetDependency section */

/* Begin PBXVariantGroup section */
		55F96D9C20DDB592004B960D /* Main.storyboard */ = {
			isa = PBXVariantGroup;
			children = (
				55F96D9D20DDB592004B960D /* Base */,
			);
			name = Main.storyboard;
			sourceTree = "<group>";
		};
		55F96DA120DDB592004B960D /* LaunchScreen.storyboard */ = {
			isa = PBXVariantGroup;
			children = (
				55F96DA220DDB592004B960D /* Base */,
			);
			name = LaunchScreen.storyboard;
			sourceTree = "<group>";
		};
/* End PBXVariantGroup section */

/* Begin XCBuildConfiguration section */
		55F96DBB20DDB592004B960D /* Debug */ = {
			isa = XCBuildConfiguration;
			buildSettings = {
				ALWAYS_SEARCH_USER_PATHS = NO;
				CLANG_ANALYZER_NONNULL = YES;
				CLANG_ANALYZER_NUMBER_OBJECT_CONVERSION = YES_AGGRESSIVE;
				CLANG_CXX_LANGUAGE_STANDARD = "gnu++14";
				CLANG_CXX_LIBRARY = "libc++";
				CLANG_ENABLE_MODULES = YES;
				CLANG_ENABLE_OBJC_ARC = YES;
				CLANG_WARN_BLOCK_CAPTURE_AUTORELEASING = YES;
				CLANG_WARN_BOOL_CONVERSION = YES;
				CLANG_WARN_COMMA = YES;
				CLANG_WARN_CONSTANT_CONVERSION = YES;
				CLANG_WARN_DIRECT_OBJC_ISA_USAGE = YES_ERROR;
				CLANG_WARN_DOCUMENTATION_COMMENTS = YES;
				CLANG_WARN_EMPTY_BODY = YES;
				CLANG_WARN_ENUM_CONVERSION = YES;
				CLANG_WARN_INFINITE_RECURSION = YES;
				CLANG_WARN_INT_CONVERSION = YES;
				CLANG_WARN_NON_LITERAL_NULL_CONVERSION = YES;
				CLANG_WARN_OBJC_LITERAL_CONVERSION = YES;
				CLANG_WARN_OBJC_ROOT_CLASS = YES_ERROR;
				CLANG_WARN_RANGE_LOOP_ANALYSIS = YES;
				CLANG_WARN_STRICT_PROTOTYPES = YES;
				CLANG_WARN_SUSPICIOUS_MOVE = YES;
				CLANG_WARN_UNGUARDED_AVAILABILITY = YES_AGGRESSIVE;
				CLANG_WARN_UNREACHABLE_CODE = YES;
				CLANG_WARN__DUPLICATE_METHOD_MATCH = YES;
				CODE_SIGN_IDENTITY = "iPhone Developer";
				COPY_PHASE_STRIP = NO;
				DEBUG_INFORMATION_FORMAT = dwarf;
				ENABLE_STRICT_OBJC_MSGSEND = YES;
				ENABLE_TESTABILITY = YES;
				GCC_C_LANGUAGE_STANDARD = gnu11;
				GCC_DYNAMIC_NO_PIC = NO;
				GCC_NO_COMMON_BLOCKS = YES;
				GCC_OPTIMIZATION_LEVEL = 0;
				GCC_PREPROCESSOR_DEFINITIONS = (
					"DEBUG=1",
					"$(inherited)",
				);
				GCC_WARN_64_TO_32_BIT_CONVERSION = YES;
				GCC_WARN_ABOUT_RETURN_TYPE = YES_ERROR;
				GCC_WARN_UNDECLARED_SELECTOR = YES;
				GCC_WARN_UNINITIALIZED_AUTOS = YES_AGGRESSIVE;
				GCC_WARN_UNUSED_FUNCTION = YES;
				GCC_WARN_UNUSED_VARIABLE = YES;
				IPHONEOS_DEPLOYMENT_TARGET = 11.2;
				MTL_ENABLE_DEBUG_INFO = YES;
				ONLY_ACTIVE_ARCH = YES;
				SDKROOT = iphoneos;
				SWIFT_ACTIVE_COMPILATION_CONDITIONS = DEBUG;
				SWIFT_OPTIMIZATION_LEVEL = "-Onone";
			};
			name = Debug;
		};
		55F96DBC20DDB592004B960D /* Release */ = {
			isa = XCBuildConfiguration;
			buildSettings = {
				ALWAYS_SEARCH_USER_PATHS = NO;
				CLANG_ANALYZER_NONNULL = YES;
				CLANG_ANALYZER_NUMBER_OBJECT_CONVERSION = YES_AGGRESSIVE;
				CLANG_CXX_LANGUAGE_STANDARD = "gnu++14";
				CLANG_CXX_LIBRARY = "libc++";
				CLANG_ENABLE_MODULES = YES;
				CLANG_ENABLE_OBJC_ARC = YES;
				CLANG_WARN_BLOCK_CAPTURE_AUTORELEASING = YES;
				CLANG_WARN_BOOL_CONVERSION = YES;
				CLANG_WARN_COMMA = YES;
				CLANG_WARN_CONSTANT_CONVERSION = YES;
				CLANG_WARN_DIRECT_OBJC_ISA_USAGE = YES_ERROR;
				CLANG_WARN_DOCUMENTATION_COMMENTS = YES;
				CLANG_WARN_EMPTY_BODY = YES;
				CLANG_WARN_ENUM_CONVERSION = YES;
				CLANG_WARN_INFINITE_RECURSION = YES;
				CLANG_WARN_INT_CONVERSION = YES;
				CLANG_WARN_NON_LITERAL_NULL_CONVERSION = YES;
				CLANG_WARN_OBJC_LITERAL_CONVERSION = YES;
				CLANG_WARN_OBJC_ROOT_CLASS = YES_ERROR;
				CLANG_WARN_RANGE_LOOP_ANALYSIS = YES;
				CLANG_WARN_STRICT_PROTOTYPES = YES;
				CLANG_WARN_SUSPICIOUS_MOVE = YES;
				CLANG_WARN_UNGUARDED_AVAILABILITY = YES_AGGRESSIVE;
				CLANG_WARN_UNREACHABLE_CODE = YES;
				CLANG_WARN__DUPLICATE_METHOD_MATCH = YES;
				CODE_SIGN_IDENTITY = "iPhone Developer";
				COPY_PHASE_STRIP = NO;
				DEBUG_INFORMATION_FORMAT = "dwarf-with-dsym";
				ENABLE_NS_ASSERTIONS = NO;
				ENABLE_STRICT_OBJC_MSGSEND = YES;
				GCC_C_LANGUAGE_STANDARD = gnu11;
				GCC_NO_COMMON_BLOCKS = YES;
				GCC_WARN_64_TO_32_BIT_CONVERSION = YES;
				GCC_WARN_ABOUT_RETURN_TYPE = YES_ERROR;
				GCC_WARN_UNDECLARED_SELECTOR = YES;
				GCC_WARN_UNINITIALIZED_AUTOS = YES_AGGRESSIVE;
				GCC_WARN_UNUSED_FUNCTION = YES;
				GCC_WARN_UNUSED_VARIABLE = YES;
				IPHONEOS_DEPLOYMENT_TARGET = 11.2;
				MTL_ENABLE_DEBUG_INFO = NO;
				SDKROOT = iphoneos;
				SWIFT_OPTIMIZATION_LEVEL = "-Owholemodule";
				VALIDATE_PRODUCT = YES;
			};
			name = Release;
		};
		55F96DBE20DDB592004B960D /* Debug */ = {
			isa = XCBuildConfiguration;
			buildSettings = {
				ASSETCATALOG_COMPILER_APPICON_NAME = AppIcon;
				CODE_SIGN_STYLE = Automatic;
				INFOPLIST_FILE = "Your Key Manager/Info.plist";
				LD_RUNPATH_SEARCH_PATHS = "$(inherited) @executable_path/Frameworks";
				PRODUCT_BUNDLE_IDENTIFIER = "br.com.danilo.Your-Key-Manager";
				PRODUCT_NAME = "$(TARGET_NAME)";
				SWIFT_VERSION = 4.0;
				TARGETED_DEVICE_FAMILY = "1,2";
			};
			name = Debug;
		};
		55F96DBF20DDB592004B960D /* Release */ = {
			isa = XCBuildConfiguration;
			buildSettings = {
				ASSETCATALOG_COMPILER_APPICON_NAME = AppIcon;
				CODE_SIGN_STYLE = Automatic;
				INFOPLIST_FILE = "Your Key Manager/Info.plist";
				LD_RUNPATH_SEARCH_PATHS = "$(inherited) @executable_path/Frameworks";
				PRODUCT_BUNDLE_IDENTIFIER = "br.com.danilo.Your-Key-Manager";
				PRODUCT_NAME = "$(TARGET_NAME)";
				SWIFT_VERSION = 4.0;
				TARGETED_DEVICE_FAMILY = "1,2";
			};
			name = Release;
		};
		55F96DC120DDB592004B960D /* Debug */ = {
			isa = XCBuildConfiguration;
			buildSettings = {
				ALWAYS_EMBED_SWIFT_STANDARD_LIBRARIES = YES;
				BUNDLE_LOADER = "$(TEST_HOST)";
				CODE_SIGN_STYLE = Automatic;
				INFOPLIST_FILE = "Your Key ManagerTests/Info.plist";
				LD_RUNPATH_SEARCH_PATHS = "$(inherited) @executable_path/Frameworks @loader_path/Frameworks";
				PRODUCT_BUNDLE_IDENTIFIER = "br.com.danilo.Your-Key-ManagerTests";
				PRODUCT_NAME = "$(TARGET_NAME)";
				SWIFT_VERSION = 4.0;
				TARGETED_DEVICE_FAMILY = "1,2";
				TEST_HOST = "$(BUILT_PRODUCTS_DIR)/Your Key Manager.app/Your Key Manager";
			};
			name = Debug;
		};
		55F96DC220DDB592004B960D /* Release */ = {
			isa = XCBuildConfiguration;
			buildSettings = {
				ALWAYS_EMBED_SWIFT_STANDARD_LIBRARIES = YES;
				BUNDLE_LOADER = "$(TEST_HOST)";
				CODE_SIGN_STYLE = Automatic;
				INFOPLIST_FILE = "Your Key ManagerTests/Info.plist";
				LD_RUNPATH_SEARCH_PATHS = "$(inherited) @executable_path/Frameworks @loader_path/Frameworks";
				PRODUCT_BUNDLE_IDENTIFIER = "br.com.danilo.Your-Key-ManagerTests";
				PRODUCT_NAME = "$(TARGET_NAME)";
				SWIFT_VERSION = 4.0;
				TARGETED_DEVICE_FAMILY = "1,2";
				TEST_HOST = "$(BUILT_PRODUCTS_DIR)/Your Key Manager.app/Your Key Manager";
			};
			name = Release;
		};
		55F96DC420DDB592004B960D /* Debug */ = {
			isa = XCBuildConfiguration;
			buildSettings = {
				ALWAYS_EMBED_SWIFT_STANDARD_LIBRARIES = YES;
				CODE_SIGN_STYLE = Automatic;
				INFOPLIST_FILE = "Your Key ManagerUITests/Info.plist";
				LD_RUNPATH_SEARCH_PATHS = "$(inherited) @executable_path/Frameworks @loader_path/Frameworks";
				PRODUCT_BUNDLE_IDENTIFIER = "br.com.danilo.Your-Key-ManagerUITests";
				PRODUCT_NAME = "$(TARGET_NAME)";
				SWIFT_VERSION = 4.0;
				TARGETED_DEVICE_FAMILY = "1,2";
				TEST_TARGET_NAME = "Your Key Manager";
			};
			name = Debug;
		};
		55F96DC520DDB592004B960D /* Release */ = {
			isa = XCBuildConfiguration;
			buildSettings = {
				ALWAYS_EMBED_SWIFT_STANDARD_LIBRARIES = YES;
				CODE_SIGN_STYLE = Automatic;
				INFOPLIST_FILE = "Your Key ManagerUITests/Info.plist";
				LD_RUNPATH_SEARCH_PATHS = "$(inherited) @executable_path/Frameworks @loader_path/Frameworks";
				PRODUCT_BUNDLE_IDENTIFIER = "br.com.danilo.Your-Key-ManagerUITests";
				PRODUCT_NAME = "$(TARGET_NAME)";
				SWIFT_VERSION = 4.0;
				TARGETED_DEVICE_FAMILY = "1,2";
				TEST_TARGET_NAME = "Your Key Manager";
			};
			name = Release;
		};
/* End XCBuildConfiguration section */

/* Begin XCConfigurationList section */
		55F96D9020DDB592004B960D /* Build configuration list for PBXProject "Your Key Manager" */ = {
			isa = XCConfigurationList;
			buildConfigurations = (
				55F96DBB20DDB592004B960D /* Debug */,
				55F96DBC20DDB592004B960D /* Release */,
			);
			defaultConfigurationIsVisible = 0;
			defaultConfigurationName = Release;
		};
		55F96DBD20DDB592004B960D /* Build configuration list for PBXNativeTarget "Your Key Manager" */ = {
			isa = XCConfigurationList;
			buildConfigurations = (
				55F96DBE20DDB592004B960D /* Debug */,
				55F96DBF20DDB592004B960D /* Release */,
			);
			defaultConfigurationIsVisible = 0;
			defaultConfigurationName = Release;
		};
		55F96DC020DDB592004B960D /* Build configuration list for PBXNativeTarget "Your Key ManagerTests" */ = {
			isa = XCConfigurationList;
			buildConfigurations = (
				55F96DC120DDB592004B960D /* Debug */,
				55F96DC220DDB592004B960D /* Release */,
			);
			defaultConfigurationIsVisible = 0;
			defaultConfigurationName = Release;
		};
		55F96DC320DDB592004B960D /* Build configuration list for PBXNativeTarget "Your Key ManagerUITests" */ = {
			isa = XCConfigurationList;
			buildConfigurations = (
				55F96DC420DDB592004B960D /* Debug */,
				55F96DC520DDB592004B960D /* Release */,
			);
			defaultConfigurationIsVisible = 0;
			defaultConfigurationName = Release;
		};
/* End XCConfigurationList section */
	};
	rootObject = 55F96D8D20DDB592004B960D /* Project object */;
}
